<Solution>
  <Folder Name="/Solution Items/">
    <File Path=".editorconfig" />
  </Folder>
  <Project Path="src/PosSharp.Abstractions/PosSharp.Abstractions.csproj" />
  <Project Path="src/PosSharp.Core/PosSharp.Core.csproj" />
  <Project Path="test/PosSharp.Core.Tests/PosSharp.Core.Tests.csproj" />
</Solution>
